<Solution>
  <Folder Name="/Solution Items/">
    <File Path="docker-compose.yml" />
  </Folder>
  <Project Path="D:/C#Projects/PlayerHub/PlayerHub/PlayerHub.Application/PlayerHub.Application.csproj" />
  <Project Path="D:/C#Projects/PlayerHub/PlayerHub/PlayerHub.Domain/PlayerHub.Domain.csproj" />
  <Project Path="D:/C#Projects/PlayerHub/PlayerHub/PlayerHub.Infrastructure/PlayerHub.Infrastructure.csproj" />
  <Project Path="D:/C#Projects/PlayerHub/PlayerHub/PlayerHub.Web/PlayerHub.Web.csproj" />
</Solution>
